// !$*UTF8*$!
{
	archiveVersion = 1;
	classes = {
	};
	objectVersion = 55;
	objects = {

/* Begin PBXBuildFile section */
		935447C8281DEE5700AEBBA4 /* AppDelegate.swift in Sources */ = {isa = PBXBuildFile; fileRef = 935447C7281DEE5700AEBBA4 /* AppDelegate.swift */; };
		935447CA281DEE5700AEBBA4 /* SceneDelegate.swift in Sources */ = {isa = PBXBuildFile; fileRef = 935447C9281DEE5700AEBBA4 /* SceneDelegate.swift */; };
		935447CC281DEE5700AEBBA4 /* ListViewController.swift in Sources */ = {isa = PBXBuildFile; fileRef = 935447CB281DEE5700AEBBA4 /* ListViewController.swift */; };
		935447CF281DEE5700AEBBA4 /* Main.storyboard in Resources */ = {isa = PBXBuildFile; fileRef = 935447CD281DEE5700AEBBA4 /* Main.storyboard */; };
		935447D1281DEE5B00AEBBA4 /* Assets.xcassets in Resources */ = {isa = PBXBuildFile; fileRef = 935447D0281DEE5B00AEBBA4 /* Assets.xcassets */; };
		935447D4281DEE5B00AEBBA4 /* LaunchScreen.storyboard in Resources */ = {isa = PBXBuildFile; fileRef = 935447D2281DEE5B00AEBBA4 /* LaunchScreen.storyboard */; };
		935447DC281DEE7200AEBBA4 /* Shows.swift in Sources */ = {isa = PBXBuildFile; fileRef = 935447DB281DEE7200AEBBA4 /* Shows.swift */; };
/* End PBXBuildFile section */

/* Begin PBXFileReference section */
		935447C4281DEE5700AEBBA4 /* Showrunner.app */ = {isa = PBXFileReference; explicitFileType = wrapper.application; includeInIndex = 0; path = Showrunner.app; sourceTree = BUILT_PRODUCTS_DIR; };
		935447C7281DEE5700AEBBA4 /* AppDelegate.swift */ = {isa = PBXFileReference; lastKnownFileType = sourcecode.swift; path = AppDelegate.swift; sourceTree = "<group>"; };
		935447C9281DEE5700AEBBA4 /* SceneDelegate.swift */ = {isa = PBXFileReference; lastKnownFileType = sourcecode.swift; path = SceneDelegate.swift; sourceTree = "<group>"; };
		935447CB281DEE5700AEBBA4 /* ListViewController.swift */ = {isa = PBXFileReference; lastKnownFileType = sourcecode.swift; path = ListViewController.swift; sourceTree = "<group>"; };
		935447CE281DEE5700AEBBA4 /* Base */ = {isa = PBXFileReference; lastKnownFileType = file.storyboard; name = Base; path = Base.lproj/Main.storyboard; sourceTree = "<group>"; };
		935447D0281DEE5B00AEBBA4 /* Assets.xcassets */ = {isa = PBXFileReference; lastKnownFileType = folder.assetcatalog; path = Assets.xcassets; sourceTree = "<group>"; };
		935447D3281DEE5B00AEBBA4 /* Base */ = {isa = PBXFileReference; lastKnownFileType = file.storyboard; name = Base; path = Base.lproj/LaunchScreen.storyboard; sourceTree = "<group>"; };
		935447D5281DEE5B00AEBBA4 /* Info.plist */ = {isa = PBXFileReference; lastKnownFileType = text.plist.xml; path = Info.plist; sourceTree = "<group>"; };
		935447DB281DEE7200AEBBA4 /* Shows.swift */ = {isa = PBXFileReference; lastKnownFileType = sourcecode.swift; path = Shows.swift; sourceTree = "<group>"; };
/* End PBXFileReference section */

/* Begin PBXFrameworksBuildPhase section */
		935447C1281DEE5700AEBBA4 /* Frameworks */ = {
			isa = PBXFrameworksBuildPhase;
			buildActionMask = 2147483647;
			files = (
			);
			runOnlyForDeploymentPostprocessing = 0;
		};
/* End PBXFrameworksBuildPhase section */

/* Begin PBXGroup section */
		935447BB281DEE5600AEBBA4 = {
			isa = PBXGroup;
			children = (
				935447C6281DEE5700AEBBA4 /* Showrunner */,
				935447C5281DEE5700AEBBA4 /* Products */,
			);
			sourceTree = "<group>";
		};
		935447C5281DEE5700AEBBA4 /* Products */ = {
			isa = PBXGroup;
			children = (
				935447C4281DEE5700AEBBA4 /* Showrunner.app */,
			);
			name = Products;
			sourceTree = "<group>";
		};
		935447C6281DEE5700AEBBA4 /* Showrunner */ = {
			isa = PBXGroup;
			children = (
				935447C7281DEE5700AEBBA4 /* AppDelegate.swift */,
				935447C9281DEE5700AEBBA4 /* SceneDelegate.swift */,
				935447DB281DEE7200AEBBA4 /* Shows.swift */,
				935447CB281DEE5700AEBBA4 /* ListViewController.swift */,
				935447CD281DEE5700AEBBA4 /* Main.storyboard */,
				935447D0281DEE5B00AEBBA4 /* Assets.xcassets */,
				935447D2281DEE5B00AEBBA4 /* LaunchScreen.storyboard */,
				935447D5281DEE5B00AEBBA4 /* Info.plist */,
			);
			path = Showrunner;
			sourceTree = "<group>";
		};
/* End PBXGroup section */

/* Begin PBXNativeTarget section */
		935447C3281DEE5700AEBBA4 /* Showrunner */ = {
			isa = PBXNativeTarget;
			buildConfigurationList = 935447D8281DEE5B00AEBBA4 /* Build configuration list for PBXNativeTarget "Showrunner" */;
			buildPhases = (
				935447C0281DEE5700AEBBA4 /* Sources */,
				935447C1281DEE5700AEBBA4 /* Frameworks */,
				935447C2281DEE5700AEBBA4 /* Resources */,
			);
			buildRules = (
			);
			dependencies = (
			);
			name = Showrunner;
			productName = Showrunner;
			productReference = 935447C4281DEE5700AEBBA4 /* Showrunner.app */;
			productType = "com.apple.product-type.application";
		};
/* End PBXNativeTarget section */

/* Begin PBXProject section */
		935447BC281DEE5600AEBBA4 /* Project object */ = {
			isa = PBXProject;
			attributes = {
				BuildIndependentTargetsInParallel = 1;
				LastSwiftUpdateCheck = 1330;
				LastUpgradeCheck = 1330;
				TargetAttributes = {
					935447C3281DEE5700AEBBA4 = {
						CreatedOnToolsVersion = 13.3.1;
					};
				};
			};
			buildConfigurationList = 935447BF281DEE5600AEBBA4 /* Build configuration list for PBXProject "Showrunner" */;
			compatibilityVersion = "Xcode 13.0";
			developmentRegion = en;
			hasScannedForEncodings = 0;
			knownRegions = (
				en,
				Base,
			);
			mainGroup = 935447BB281DEE5600AEBBA4;
			productRefGroup = 935447C5281DEE5700AEBBA4 /* Products */;
			projectDirPath = "";
			projectRoot = "";
			targets = (
				935447C3281DEE5700AEBBA4 /* Showrunner */,
			);
		};
/* End PBXProject section */

/* Begin PBXResourcesBuildPhase section */
		935447C2281DEE5700AEBBA4 /* Resources */ = {
			isa = PBXResourcesBuildPhase;
			buildActionMask = 2147483647;
			files = (
				935447D4281DEE5B00AEBBA4 /* LaunchScreen.storyboard in Resources */,
				935447D1281DEE5B00AEBBA4 /* Assets.xcassets in Resources */,
				935447CF281DEE5700AEBBA4 /* Main.storyboard in Resources */,
			);
			runOnlyForDeploymentPostprocessing = 0;
		};
/* End PBXResourcesBuildPhase section */

/* Begin PBXSourcesBuildPhase section */
		935447C0281DEE5700AEBBA4 /* Sources */ = {
			isa = PBXSourcesBuildPhase;
			buildActionMask = 2147483647;
			files = (
				935447CC281DEE5700AEBBA4 /* ListViewController.swift in Sources */,
				935447C8281DEE5700AEBBA4 /* AppDelegate.swift in Sources */,
				935447DC281DEE7200AEBBA4 /* Shows.swift in Sources */,
				935447CA281DEE5700AEBBA4 /* SceneDelegate.swift in Sources */,
			);
			runOnlyForDeploymentPostprocessing = 0;
		};
/* End PBXSourcesBuildPhase section */

/* Begin PBXVariantGroup section */
		935447CD281DEE5700AEBBA4 /* Main.storyboard */ = {
			isa = PBXVariantGroup;
			children = (
				935447CE281DEE5700AEBBA4 /* Base */,
			);
			name = Main.storyboard;
			sourceTree = "<group>";
		};
		935447D2281DEE5B00AEBBA4 /* LaunchScreen.storyboard */ = {
			isa = PBXVariantGroup;
			children = (
				935447D3281DEE5B00AEBBA4 /* Base */,
			);
			name = LaunchScreen.storyboard;
			sourceTree = "<group>";
		};
/* End PBXVariantGroup section */

/* Begin XCBuildConfiguration section */
		935447D6281DEE5B00AEBBA4 /* Debug */ = {
			isa = XCBuildConfiguration;
			buildSettings = {
				ALWAYS_SEARCH_USER_PATHS = NO;
				CLANG_ANALYZER_NONNULL = YES;
				CLANG_ANALYZER_NUMBER_OBJECT_CONVERSION = YES_AGGRESSIVE;
				CLANG_CXX_LANGUAGE_STANDARD = "gnu++17";
				CLANG_ENABLE_MODULES = YES;
				CLANG_ENABLE_OBJC_ARC = YES;
				CLANG_ENABLE_OBJC_WEAK = YES;
				CLANG_WARN_BLOCK_CAPTURE_AUTORELEASING = YES;
				CLANG_WARN_BOOL_CONVERSION = YES;
				CLANG_WARN_COMMA = YES;
				CLANG_WARN_CONSTANT_CONVERSION = YES;
				CLANG_WARN_DEPRECATED_OBJC_IMPLEMENTATIONS = YES;
				CLANG_WARN_DIRECT_OBJC_ISA_USAGE = YES_ERROR;
				CLANG_WARN_DOCUMENTATION_COMMENTS = YES;
				CLANG_WARN_EMPTY_BODY = YES;
				CLANG_WARN_ENUM_CONVERSION = YES;
				CLANG_WARN_INFINITE_RECURSION = YES;
				CLANG_WARN_INT_CONVERSION = YES;
				CLANG_WARN_NON_LITERAL_NULL_CONVERSION = YES;
				CLANG_WARN_OBJC_IMPLICIT_RETAIN_SELF = YES;
				CLANG_WARN_OBJC_LITERAL_CONVERSION = YES;
				CLANG_WARN_OBJC_ROOT_CLASS = YES_ERROR;
				CLANG_WARN_QUOTED_INCLUDE_IN_FRAMEWORK_HEADER = YES;
				CLANG_WARN_RANGE_LOOP_ANALYSIS = YES;
				CLANG_WARN_STRICT_PROTOTYPES = YES;
				CLANG_WARN_SUSPICIOUS_MOVE = YES;
				CLANG_WARN_UNGUARDED_AVAILABILITY = YES_AGGRESSIVE;
				CLANG_WARN_UNREACHABLE_CODE = YES;
				CLANG_WARN__DUPLICATE_METHOD_MATCH = YES;
				COPY_PHASE_STRIP = NO;
				DEBUG_INFORMATION_FORMAT = dwarf;
				ENABLE_STRICT_OBJC_MSGSEND = YES;
				ENABLE_TESTABILITY = YES;
				GCC_C_LANGUAGE_STANDARD = gnu11;
				GCC_DYNAMIC_NO_PIC = NO;
				GCC_NO_COMMON_BLOCKS = YES;
				GCC_OPTIMIZATION_LEVEL = 0;
				GCC_PREPROCESSOR_DEFINITIONS = (
					"DEBUG=1",
					"$(inherited)",
				);
				GCC_WARN_64_TO_32_BIT_CONVERSION = YES;
				GCC_WARN_ABOUT_RETURN_TYPE = YES_ERROR;
				GCC_WARN_UNDECLARED_SELECTOR = YES;
				GCC_WARN_UNINITIALIZED_AUTOS = YES_AGGRESSIVE;
				GCC_WARN_UNUSED_FUNCTION = YES;
				GCC_WARN_UNUSED_VARIABLE = YES;
				IPHONEOS_DEPLOYMENT_TARGET = 15.4;
				MTL_ENABLE_DEBUG_INFO = INCLUDE_SOURCE;
				MTL_FAST_MATH = YES;
				ONLY_ACTIVE_ARCH = YES;
				SDKROOT = iphoneos;
				SWIFT_ACTIVE_COMPILATION_CONDITIONS = DEBUG;
				SWIFT_OPTIMIZATION_LEVEL = "-Onone";
			};
			name = Debug;
		};
		935447D7281DEE5B00AEBBA4 /* Release */ = {
			isa = XCBuildConfiguration;
			buildSettings = {
				ALWAYS_SEARCH_USER_PATHS = NO;
				CLANG_ANALYZER_NONNULL = YES;
				CLANG_ANALYZER_NUMBER_OBJECT_CONVERSION = YES_AGGRESSIVE;
				CLANG_CXX_LANGUAGE_STANDARD = "gnu++17";
				CLANG_ENABLE_MODULES = YES;
				CLANG_ENABLE_OBJC_ARC = YES;
				CLANG_ENABLE_OBJC_WEAK = YES;
				CLANG_WARN_BLOCK_CAPTURE_AUTORELEASING = YES;
				CLANG_WARN_BOOL_CONVERSION = YES;
				CLANG_WARN_COMMA = YES;
				CLANG_WARN_CONSTANT_CONVERSION = YES;
				CLANG_WARN_DEPRECATED_OBJC_IMPLEMENTATIONS = YES;
				CLANG_WARN_DIRECT_OBJC_ISA_USAGE = YES_ERROR;
				CLANG_WARN_DOCUMENTATION_COMMENTS = YES;
				CLANG_WARN_EMPTY_BODY = YES;
				CLANG_WARN_ENUM_CONVERSION = YES;
				CLANG_WARN_INFINITE_RECURSION = YES;
				CLANG_WARN_INT_CONVERSION = YES;
				CLANG_WARN_NON_LITERAL_NULL_CONVERSION = YES;
				CLANG_WARN_OBJC_IMPLICIT_RETAIN_SELF = YES;
				CLANG_WARN_OBJC_LITERAL_CONVERSION = YES;
				CLANG_WARN_OBJC_ROOT_CLASS = YES_ERROR;
				CLANG_WARN_QUOTED_INCLUDE_IN_FRAMEWORK_HEADER = YES;
				CLANG_WARN_RANGE_LOOP_ANALYSIS = YES;
				CLANG_WARN_STRICT_PROTOTYPES = YES;
				CLANG_WARN_SUSPICIOUS_MOVE = YES;
				CLANG_WARN_UNGUARDED_AVAILABILITY = YES_AGGRESSIVE;
				CLANG_WARN_UNREACHABLE_CODE = YES;
				CLANG_WARN__DUPLICATE_METHOD_MATCH = YES;
				COPY_PHASE_STRIP = NO;
				DEBUG_INFORMATION_FORMAT = "dwarf-with-dsym";
				ENABLE_NS_ASSERTIONS = NO;
				ENABLE_STRICT_OBJC_MSGSEND = YES;
				GCC_C_LANGUAGE_STANDARD = gnu11;
				GCC_NO_COMMON_BLOCKS = YES;
				GCC_WARN_64_TO_32_BIT_CONVERSION = YES;
				GCC_WARN_ABOUT_RETURN_TYPE = YES_ERROR;
				GCC_WARN_UNDECLARED_SELECTOR = YES;
				GCC_WARN_UNINITIALIZED_AUTOS = YES_AGGRESSIVE;
				GCC_WARN_UNUSED_FUNCTION = YES;
				GCC_WARN_UNUSED_VARIABLE = YES;
				IPHONEOS_DEPLOYMENT_TARGET = 15.4;
				MTL_ENABLE_DEBUG_INFO = NO;
				MTL_FAST_MATH = YES;
				SDKROOT = iphoneos;
				SWIFT_COMPILATION_MODE = wholemodule;
				SWIFT_OPTIMIZATION_LEVEL = "-O";
				VALIDATE_PRODUCT = YES;
			};
			name = Release;
		};
		935447D9281DEE5B00AEBBA4 /* Debug */ = {
			isa = XCBuildConfiguration;
			buildSettings = {
				ASSETCATALOG_COMPILER_APPICON_NAME = AppIcon;
				ASSETCATALOG_COMPILER_GLOBAL_ACCENT_COLOR_NAME = AccentColor;
				CODE_SIGN_STYLE = Automatic;
				CURRENT_PROJECT_VERSION = 1;
				DEVELOPMENT_TEAM = 9BT9ZG6WD3;
				GENERATE_INFOPLIST_FILE = YES;
				INFOPLIST_FILE = Showrunner/Info.plist;
				INFOPLIST_KEY_UIApplicationSupportsIndirectInputEvents = YES;
				INFOPLIST_KEY_UILaunchStoryboardName = LaunchScreen;
				INFOPLIST_KEY_UIMainStoryboardFile = Main;
				INFOPLIST_KEY_UISupportedInterfaceOrientations_iPad = "UIInterfaceOrientationPortrait UIInterfaceOrientationPortraitUpsideDown UIInterfaceOrientationLandscapeLeft UIInterfaceOrientationLandscapeRight";
				INFOPLIST_KEY_UISupportedInterfaceOrientations_iPhone = "UIInterfaceOrientationPortrait UIInterfaceOrientationLandscapeLeft UIInterfaceOrientationLandscapeRight";
				LD_RUNPATH_SEARCH_PATHS = (
					"$(inherited)",
					"@executable_path/Frameworks",
				);
				MARKETING_VERSION = 1.0;
				PRODUCT_BUNDLE_IDENTIFIER = "Chris-Bond.Showrunner";
				PRODUCT_NAME = "$(TARGET_NAME)";
				SWIFT_EMIT_LOC_STRINGS = YES;
				SWIFT_VERSION = 5.0;
				TARGETED_DEVICE_FAMILY = "1,2";
			};
			name = Debug;
		};
		935447DA281DEE5B00AEBBA4 /* Release */ = {
			isa = XCBuildConfiguration;
			buildSettings = {
				ASSETCATALOG_COMPILER_APPICON_NAME = AppIcon;
				ASSETCATALOG_COMPILER_GLOBAL_ACCENT_COLOR_NAME = AccentColor;
				CODE_SIGN_STYLE = Automatic;
				CURRENT_PROJECT_VERSION = 1;
				DEVELOPMENT_TEAM = 9BT9ZG6WD3;
				GENERATE_INFOPLIST_FILE = YES;
				INFOPLIST_FILE = Showrunner/Info.plist;
				INFOPLIST_KEY_UIApplicationSupportsIndirectInputEvents = YES;
				INFOPLIST_KEY_UILaunchStoryboardName = LaunchScreen;
				INFOPLIST_KEY_UIMainStoryboardFile = Main;
				INFOPLIST_KEY_UISupportedInterfaceOrientations_iPad = "UIInterfaceOrientationPortrait UIInterfaceOrientationPortraitUpsideDown UIInterfaceOrientationLandscapeLeft UIInterfaceOrientationLandscapeRight";
				INFOPLIST_KEY_UISupportedInterfaceOrientations_iPhone = "UIInterfaceOrientationPortrait UIInterfaceOrientationLandscapeLeft UIInterfaceOrientationLandscapeRight";
				LD_RUNPATH_SEARCH_PATHS = (
					"$(inherited)",
					"@executable_path/Frameworks",
				);
				MARKETING_VERSION = 1.0;
				PRODUCT_BUNDLE_IDENTIFIER = "Chris-Bond.Showrunner";
				PRODUCT_NAME = "$(TARGET_NAME)";
				SWIFT_EMIT_LOC_STRINGS = YES;
				SWIFT_VERSION = 5.0;
				TARGETED_DEVICE_FAMILY = "1,2";
			};
			name = Release;
		};
/* End XCBuildConfiguration section */

/* Begin XCConfigurationList section */
		935447BF281DEE5600AEBBA4 /* Build configuration list for PBXProject "Showrunner" */ = {
			isa = XCConfigurationList;
			buildConfigurations = (
				935447D6281DEE5B00AEBBA4 /* Debug */,
				935447D7281DEE5B00AEBBA4 /* Release */,
			);
			defaultConfigurationIsVisible = 0;
			defaultConfigurationName = Release;
		};
		935447D8281DEE5B00AEBBA4 /* Build configuration list for PBXNativeTarget "Showrunner" */ = {
			isa = XCConfigurationList;
			buildConfigurations = (
				935447D9281DEE5B00AEBBA4 /* Debug */,
				935447DA281DEE5B00AEBBA4 /* Release */,
			);
			defaultConfigurationIsVisible = 0;
			defaultConfigurationName = Release;
		};
/* End XCConfigurationList section */
	};
	rootObject = 935447BC281DEE5600AEBBA4 /* Project object */;
}
